// !$*UTF8*$!
{
	archiveVersion = 1;
	classes = {
	};
	objectVersion = 46;
	objects = {

/* Begin PBXBuildFile section */
		138F4EF819344E79004771EE /* RangeBeaconViewController.m in Sources */ = {isa = PBXBuildFile; fileRef = 138F4EF719344E79004771EE /* RangeBeaconViewController.m */; };
		138F4EFB19345BB9004771EE /* ConfigBeaconViewController.m in Sources */ = {isa = PBXBuildFile; fileRef = 138F4EFA19345BB9004771EE /* ConfigBeaconViewController.m */; };
		581F1A0A18ECF2E9001C47BE /* Foundation.framework in Frameworks */ = {isa = PBXBuildFile; fileRef = 581F1A0918ECF2E9001C47BE /* Foundation.framework */; };
		581F1A0C18ECF2E9001C47BE /* CoreGraphics.framework in Frameworks */ = {isa = PBXBuildFile; fileRef = 581F1A0B18ECF2E9001C47BE /* CoreGraphics.framework */; };
		581F1A0E18ECF2E9001C47BE /* UIKit.framework in Frameworks */ = {isa = PBXBuildFile; fileRef = 581F1A0D18ECF2E9001C47BE /* UIKit.framework */; };
		581F1A1418ECF2E9001C47BE /* InfoPlist.strings in Resources */ = {isa = PBXBuildFile; fileRef = 581F1A1218ECF2E9001C47BE /* InfoPlist.strings */; };
		581F1A1618ECF2E9001C47BE /* main.m in Sources */ = {isa = PBXBuildFile; fileRef = 581F1A1518ECF2E9001C47BE /* main.m */; };
		581F1A1A18ECF2E9001C47BE /* AppDelegate.m in Sources */ = {isa = PBXBuildFile; fileRef = 581F1A1918ECF2E9001C47BE /* AppDelegate.m */; };
		581F1A1D18ECF2E9001C47BE /* Main.storyboard in Resources */ = {isa = PBXBuildFile; fileRef = 581F1A1B18ECF2E9001C47BE /* Main.storyboard */; };
		581F1A2018ECF2E9001C47BE /* ViewController.m in Sources */ = {isa = PBXBuildFile; fileRef = 581F1A1F18ECF2E9001C47BE /* ViewController.m */; };
		581F1A2218ECF2E9001C47BE /* Images.xcassets in Resources */ = {isa = PBXBuildFile; fileRef = 581F1A2118ECF2E9001C47BE /* Images.xcassets */; };
		581F1A2918ECF2E9001C47BE /* XCTest.framework in Frameworks */ = {isa = PBXBuildFile; fileRef = 581F1A2818ECF2E9001C47BE /* XCTest.framework */; };
		581F1A2A18ECF2E9001C47BE /* Foundation.framework in Frameworks */ = {isa = PBXBuildFile; fileRef = 581F1A0918ECF2E9001C47BE /* Foundation.framework */; };
		581F1A2B18ECF2E9001C47BE /* UIKit.framework in Frameworks */ = {isa = PBXBuildFile; fileRef = 581F1A0D18ECF2E9001C47BE /* UIKit.framework */; };
		581F1A3318ECF2E9001C47BE /* InfoPlist.strings in Resources */ = {isa = PBXBuildFile; fileRef = 581F1A3118ECF2E9001C47BE /* InfoPlist.strings */; };
		581F1A3518ECF2E9001C47BE /* BRTExampleTests.m in Sources */ = {isa = PBXBuildFile; fileRef = 581F1A3418ECF2E9001C47BE /* BRTExampleTests.m */; };
		583F59161A53F5E200253AAF /* NotifyViewController.m in Sources */ = {isa = PBXBuildFile; fileRef = 583F59151A53F5E200253AAF /* NotifyViewController.m */; };
		58652A33195C07680047C92F /* AdSupport.framework in Frameworks */ = {isa = PBXBuildFile; fileRef = 58652A32195C07680047C92F /* AdSupport.framework */; };
		58B950E71989D67F006C6FCA /* AdjustViewController.m in Sources */ = {isa = PBXBuildFile; fileRef = 58B950E61989D67F006C6FCA /* AdjustViewController.m */; };
		58EB76311A53D6F000F1FE62 /* libBrightSDK.a in Frameworks */ = {isa = PBXBuildFile; fileRef = 58EB762A1A53D5F600F1FE62 /* libBrightSDK.a */; };
/* End PBXBuildFile section */

/* Begin PBXContainerItemProxy section */
		581F1A2C18ECF2E9001C47BE /* PBXContainerItemProxy */ = {
			isa = PBXContainerItemProxy;
			containerPortal = 581F19FE18ECF2E9001C47BE /* Project object */;
			proxyType = 1;
			remoteGlobalIDString = 581F1A0518ECF2E9001C47BE;
			remoteInfo = BRTExample;
		};
		58EB76291A53D5F600F1FE62 /* PBXContainerItemProxy */ = {
			isa = PBXContainerItemProxy;
			containerPortal = 58EB76251A53D5F600F1FE62 /* BrightSDK.xcodeproj */;
			proxyType = 2;
			remoteGlobalIDString = 5821084018EBE3E900DB4187;
			remoteInfo = BrightSDK;
		};
		58EB762E1A53D6E500F1FE62 /* PBXContainerItemProxy */ = {
			isa = PBXContainerItemProxy;
			containerPortal = 58EB76251A53D5F600F1FE62 /* BrightSDK.xcodeproj */;
			proxyType = 1;
			remoteGlobalIDString = 5821083F18EBE3E900DB4187;
			remoteInfo = BrightSDK;
		};
/* End PBXContainerItemProxy section */

/* Begin PBXFileReference section */
		138F4EF619344E79004771EE /* RangeBeaconViewController.h */ = {isa = PBXFileReference; fileEncoding = 4; lastKnownFileType = sourcecode.c.h; path = RangeBeaconViewController.h; sourceTree = "<group>"; };
		138F4EF719344E79004771EE /* RangeBeaconViewController.m */ = {isa = PBXFileReference; fileEncoding = 4; lastKnownFileType = sourcecode.c.objc; path = RangeBeaconViewController.m; sourceTree = "<group>"; };
		138F4EF919345BB9004771EE /* ConfigBeaconViewController.h */ = {isa = PBXFileReference; fileEncoding = 4; lastKnownFileType = sourcecode.c.h; path = ConfigBeaconViewController.h; sourceTree = "<group>"; };
		138F4EFA19345BB9004771EE /* ConfigBeaconViewController.m */ = {isa = PBXFileReference; fileEncoding = 4; lastKnownFileType = sourcecode.c.objc; path = ConfigBeaconViewController.m; sourceTree = "<group>"; };
		581F1A0618ECF2E9001C47BE /* BRTExample.app */ = {isa = PBXFileReference; explicitFileType = wrapper.application; includeInIndex = 0; path = BRTExample.app; sourceTree = BUILT_PRODUCTS_DIR; };
		581F1A0918ECF2E9001C47BE /* Foundation.framework */ = {isa = PBXFileReference; lastKnownFileType = wrapper.framework; name = Foundation.framework; path = System/Library/Frameworks/Foundation.framework; sourceTree = SDKROOT; };
		581F1A0B18ECF2E9001C47BE /* CoreGraphics.framework */ = {isa = PBXFileReference; lastKnownFileType = wrapper.framework; name = CoreGraphics.framework; path = System/Library/Frameworks/CoreGraphics.framework; sourceTree = SDKROOT; };
		581F1A0D18ECF2E9001C47BE /* UIKit.framework */ = {isa = PBXFileReference; lastKnownFileType = wrapper.framework; name = UIKit.framework; path = System/Library/Frameworks/UIKit.framework; sourceTree = SDKROOT; };
		581F1A1118ECF2E9001C47BE /* BRTExample-Info.plist */ = {isa = PBXFileReference; lastKnownFileType = text.plist.xml; path = "BRTExample-Info.plist"; sourceTree = "<group>"; };
		581F1A1318ECF2E9001C47BE /* en */ = {isa = PBXFileReference; lastKnownFileType = text.plist.strings; name = en; path = en.lproj/InfoPlist.strings; sourceTree = "<group>"; };
		581F1A1518ECF2E9001C47BE /* main.m */ = {isa = PBXFileReference; lastKnownFileType = sourcecode.c.objc; path = main.m; sourceTree = "<group>"; };
		581F1A1718ECF2E9001C47BE /* BRTExample-Prefix.pch */ = {isa = PBXFileReference; lastKnownFileType = sourcecode.c.h; path = "BRTExample-Prefix.pch"; sourceTree = "<group>"; };
		581F1A1818ECF2E9001C47BE /* AppDelegate.h */ = {isa = PBXFileReference; lastKnownFileType = sourcecode.c.h; path = AppDelegate.h; sourceTree = "<group>"; };
		581F1A1918ECF2E9001C47BE /* AppDelegate.m */ = {isa = PBXFileReference; lastKnownFileType = sourcecode.c.objc; path = AppDelegate.m; sourceTree = "<group>"; };
		581F1A1C18ECF2E9001C47BE /* Base */ = {isa = PBXFileReference; lastKnownFileType = file.storyboard; name = Base; path = Base.lproj/Main.storyboard; sourceTree = "<group>"; };
		581F1A1E18ECF2E9001C47BE /* ViewController.h */ = {isa = PBXFileReference; lastKnownFileType = sourcecode.c.h; path = ViewController.h; sourceTree = "<group>"; };
		581F1A1F18ECF2E9001C47BE /* ViewController.m */ = {isa = PBXFileReference; lastKnownFileType = sourcecode.c.objc; path = ViewController.m; sourceTree = "<group>"; };
		581F1A2118ECF2E9001C47BE /* Images.xcassets */ = {isa = PBXFileReference; lastKnownFileType = folder.assetcatalog; path = Images.xcassets; sourceTree = "<group>"; };
		581F1A2718ECF2E9001C47BE /* BRTExampleTests.xctest */ = {isa = PBXFileReference; explicitFileType = wrapper.cfbundle; includeInIndex = 0; path = BRTExampleTests.xctest; sourceTree = BUILT_PRODUCTS_DIR; };
		581F1A2818ECF2E9001C47BE /* XCTest.framework */ = {isa = PBXFileReference; lastKnownFileType = wrapper.framework; name = XCTest.framework; path = Library/Frameworks/XCTest.framework; sourceTree = DEVELOPER_DIR; };
		581F1A3018ECF2E9001C47BE /* BRTExampleTests-Info.plist */ = {isa = PBXFileReference; lastKnownFileType = text.plist.xml; path = "BRTExampleTests-Info.plist"; sourceTree = "<group>"; };
		581F1A3218ECF2E9001C47BE /* en */ = {isa = PBXFileReference; lastKnownFileType = text.plist.strings; name = en; path = en.lproj/InfoPlist.strings; sourceTree = "<group>"; };
		581F1A3418ECF2E9001C47BE /* BRTExampleTests.m */ = {isa = PBXFileReference; lastKnownFileType = sourcecode.c.objc; path = BRTExampleTests.m; sourceTree = "<group>"; };
		583F59141A53F5E200253AAF /* NotifyViewController.h */ = {isa = PBXFileReference; fileEncoding = 4; lastKnownFileType = sourcecode.c.h; path = NotifyViewController.h; sourceTree = "<group>"; };
		583F59151A53F5E200253AAF /* NotifyViewController.m */ = {isa = PBXFileReference; fileEncoding = 4; lastKnownFileType = sourcecode.c.objc; path = NotifyViewController.m; sourceTree = "<group>"; };
		58652A32195C07680047C92F /* AdSupport.framework */ = {isa = PBXFileReference; lastKnownFileType = wrapper.framework; name = AdSupport.framework; path = System/Library/Frameworks/AdSupport.framework; sourceTree = SDKROOT; };
		58B950E51989D67F006C6FCA /* AdjustViewController.h */ = {isa = PBXFileReference; fileEncoding = 4; lastKnownFileType = sourcecode.c.h; path = AdjustViewController.h; sourceTree = "<group>"; };
		58B950E61989D67F006C6FCA /* AdjustViewController.m */ = {isa = PBXFileReference; fileEncoding = 4; lastKnownFileType = sourcecode.c.objc; path = AdjustViewController.m; sourceTree = "<group>"; };
		58EB76251A53D5F600F1FE62 /* BrightSDK.xcodeproj */ = {isa = PBXFileReference; lastKnownFileType = "wrapper.pb-project"; name = BrightSDK.xcodeproj; path = ../../../../../works/BRTBeacons/Beacons/svn/BrightSDK/BrightSDK.xcodeproj; sourceTree = "<group>"; };
/* End PBXFileReference section */

/* Begin PBXFrameworksBuildPhase section */
		581F1A0318ECF2E9001C47BE /* Frameworks */ = {
			isa = PBXFrameworksBuildPhase;
			buildActionMask = 2147483647;
			files = (
				58EB76311A53D6F000F1FE62 /* libBrightSDK.a in Frameworks */,
				58652A33195C07680047C92F /* AdSupport.framework in Frameworks */,
				581F1A0C18ECF2E9001C47BE /* CoreGraphics.framework in Frameworks */,
				581F1A0E18ECF2E9001C47BE /* UIKit.framework in Frameworks */,
				581F1A0A18ECF2E9001C47BE /* Foundation.framework in Frameworks */,
			);
			runOnlyForDeploymentPostprocessing = 0;
		};
		581F1A2418ECF2E9001C47BE /* Frameworks */ = {
			isa = PBXFrameworksBuildPhase;
			buildActionMask = 2147483647;
			files = (
				581F1A2918ECF2E9001C47BE /* XCTest.framework in Frameworks */,
				581F1A2B18ECF2E9001C47BE /* UIKit.framework in Frameworks */,
				581F1A2A18ECF2E9001C47BE /* Foundation.framework in Frameworks */,
			);
			runOnlyForDeploymentPostprocessing = 0;
		};
/* End PBXFrameworksBuildPhase section */

/* Begin PBXGroup section */
		581F19FD18ECF2E9001C47BE = {
			isa = PBXGroup;
			children = (
				581F1A0F18ECF2E9001C47BE /* BRTExample */,
				581F1A0818ECF2E9001C47BE /* Frameworks */,
				581F1A0718ECF2E9001C47BE /* Products */,
			);
			sourceTree = "<group>";
		};
		581F1A0718ECF2E9001C47BE /* Products */ = {
			isa = PBXGroup;
			children = (
				581F1A0618ECF2E9001C47BE /* BRTExample.app */,
				581F1A2718ECF2E9001C47BE /* BRTExampleTests.xctest */,
			);
			name = Products;
			sourceTree = "<group>";
		};
		581F1A0818ECF2E9001C47BE /* Frameworks */ = {
			isa = PBXGroup;
			children = (
				58652A32195C07680047C92F /* AdSupport.framework */,
				581F1A0918ECF2E9001C47BE /* Foundation.framework */,
				581F1A0B18ECF2E9001C47BE /* CoreGraphics.framework */,
				581F1A0D18ECF2E9001C47BE /* UIKit.framework */,
				581F1A2818ECF2E9001C47BE /* XCTest.framework */,
			);
			name = Frameworks;
			sourceTree = "<group>";
		};
		581F1A0F18ECF2E9001C47BE /* BRTExample */ = {
			isa = PBXGroup;
			children = (
				58EB76251A53D5F600F1FE62 /* BrightSDK.xcodeproj */,
				581F1A1818ECF2E9001C47BE /* AppDelegate.h */,
				581F1A1918ECF2E9001C47BE /* AppDelegate.m */,
				581F1A1B18ECF2E9001C47BE /* Main.storyboard */,
				581F1A1E18ECF2E9001C47BE /* ViewController.h */,
				581F1A1F18ECF2E9001C47BE /* ViewController.m */,
				138F4EF619344E79004771EE /* RangeBeaconViewController.h */,
				138F4EF719344E79004771EE /* RangeBeaconViewController.m */,
				138F4EF919345BB9004771EE /* ConfigBeaconViewController.h */,
				138F4EFA19345BB9004771EE /* ConfigBeaconViewController.m */,
				583F59141A53F5E200253AAF /* NotifyViewController.h */,
				583F59151A53F5E200253AAF /* NotifyViewController.m */,
				58B950E51989D67F006C6FCA /* AdjustViewController.h */,
				58B950E61989D67F006C6FCA /* AdjustViewController.m */,
				581F1A2E18ECF2E9001C47BE /* BRTExampleTests */,
				581F1A2118ECF2E9001C47BE /* Images.xcassets */,
				581F1A1018ECF2E9001C47BE /* Supporting Files */,
			);
			path = BRTExample;
			sourceTree = "<group>";
		};
		581F1A1018ECF2E9001C47BE /* Supporting Files */ = {
			isa = PBXGroup;
			children = (
				581F1A1118ECF2E9001C47BE /* BRTExample-Info.plist */,
				581F1A1218ECF2E9001C47BE /* InfoPlist.strings */,
				581F1A1518ECF2E9001C47BE /* main.m */,
				581F1A1718ECF2E9001C47BE /* BRTExample-Prefix.pch */,
			);
			name = "Supporting Files";
			sourceTree = "<group>";
		};
		581F1A2E18ECF2E9001C47BE /* BRTExampleTests */ = {
			isa = PBXGroup;
			children = (
				581F1A3418ECF2E9001C47BE /* BRTExampleTests.m */,
				581F1A2F18ECF2E9001C47BE /* Supporting Files */,
			);
			path = BRTExampleTests;
			sourceTree = SOURCE_ROOT;
		};
		581F1A2F18ECF2E9001C47BE /* Supporting Files */ = {
			isa = PBXGroup;
			children = (
				581F1A3018ECF2E9001C47BE /* BRTExampleTests-Info.plist */,
				581F1A3118ECF2E9001C47BE /* InfoPlist.strings */,
			);
			name = "Supporting Files";
			sourceTree = "<group>";
		};
		58EB76261A53D5F600F1FE62 /* Products */ = {
			isa = PBXGroup;
			children = (
				58EB762A1A53D5F600F1FE62 /* libBrightSDK.a */,
			);
			name = Products;
			sourceTree = "<group>";
		};
/* End PBXGroup section */

/* Begin PBXNativeTarget section */
		581F1A0518ECF2E9001C47BE /* BRTExample */ = {
			isa = PBXNativeTarget;
			buildConfigurationList = 581F1A3818ECF2E9001C47BE /* Build configuration list for PBXNativeTarget "BRTExample" */;
			buildPhases = (
				581F1A0218ECF2E9001C47BE /* Sources */,
				581F1A0318ECF2E9001C47BE /* Frameworks */,
				581F1A0418ECF2E9001C47BE /* Resources */,
			);
			buildRules = (
			);
			dependencies = (
				58EB762F1A53D6E500F1FE62 /* PBXTargetDependency */,
			);
			name = BRTExample;
			productName = BRTExample;
			productReference = 581F1A0618ECF2E9001C47BE /* BRTExample.app */;
			productType = "com.apple.product-type.application";
		};
		581F1A2618ECF2E9001C47BE /* BRTExampleTests */ = {
			isa = PBXNativeTarget;
			buildConfigurationList = 581F1A3B18ECF2E9001C47BE /* Build configuration list for PBXNativeTarget "BRTExampleTests" */;
			buildPhases = (
				581F1A2318ECF2E9001C47BE /* Sources */,
				581F1A2418ECF2E9001C47BE /* Frameworks */,
				581F1A2518ECF2E9001C47BE /* Resources */,
			);
			buildRules = (
			);
			dependencies = (
				581F1A2D18ECF2E9001C47BE /* PBXTargetDependency */,
			);
			name = BRTExampleTests;
			productName = BRTExampleTests;
			productReference = 581F1A2718ECF2E9001C47BE /* BRTExampleTests.xctest */;
			productType = "com.apple.product-type.bundle.unit-test";
		};
/* End PBXNativeTarget section */

/* Begin PBXProject section */
		581F19FE18ECF2E9001C47BE /* Project object */ = {
			isa = PBXProject;
			attributes = {
				LastUpgradeCheck = 0510;
				ORGANIZATIONNAME = thomasho;
				TargetAttributes = {
					581F1A2618ECF2E9001C47BE = {
						TestTargetID = 581F1A0518ECF2E9001C47BE;
					};
				};
			};
			buildConfigurationList = 581F1A0118ECF2E9001C47BE /* Build configuration list for PBXProject "BRTExample" */;
			compatibilityVersion = "Xcode 3.2";
			developmentRegion = English;
			hasScannedForEncodings = 0;
			knownRegions = (
				en,
				Base,
			);
			mainGroup = 581F19FD18ECF2E9001C47BE;
			productRefGroup = 581F1A0718ECF2E9001C47BE /* Products */;
			projectDirPath = "";
			projectReferences = (
				{
					ProductGroup = 58EB76261A53D5F600F1FE62 /* Products */;
					ProjectRef = 58EB76251A53D5F600F1FE62 /* BrightSDK.xcodeproj */;
				},
			);
			projectRoot = "";
			targets = (
				581F1A0518ECF2E9001C47BE /* BRTExample */,
				581F1A2618ECF2E9001C47BE /* BRTExampleTests */,
			);
		};
/* End PBXProject section */

/* Begin PBXReferenceProxy section */
		58EB762A1A53D5F600F1FE62 /* libBrightSDK.a */ = {
			isa = PBXReferenceProxy;
			fileType = archive.ar;
			path = libBrightSDK.a;
			remoteRef = 58EB76291A53D5F600F1FE62 /* PBXContainerItemProxy */;
			sourceTree = BUILT_PRODUCTS_DIR;
		};
/* End PBXReferenceProxy section */

/* Begin PBXResourcesBuildPhase section */
		581F1A0418ECF2E9001C47BE /* Resources */ = {
			isa = PBXResourcesBuildPhase;
			buildActionMask = 2147483647;
			files = (
				581F1A2218ECF2E9001C47BE /* Images.xcassets in Resources */,
				581F1A1418ECF2E9001C47BE /* InfoPlist.strings in Resources */,
				581F1A1D18ECF2E9001C47BE /* Main.storyboard in Resources */,
			);
			runOnlyForDeploymentPostprocessing = 0;
		};
		581F1A2518ECF2E9001C47BE /* Resources */ = {
			isa = PBXResourcesBuildPhase;
			buildActionMask = 2147483647;
			files = (
				581F1A3318ECF2E9001C47BE /* InfoPlist.strings in Resources */,
			);
			runOnlyForDeploymentPostprocessing = 0;
		};
/* End PBXResourcesBuildPhase section */

/* Begin PBXSourcesBuildPhase section */
		581F1A0218ECF2E9001C47BE /* Sources */ = {
			isa = PBXSourcesBuildPhase;
			buildActionMask = 2147483647;
			files = (
				138F4EFB19345BB9004771EE /* ConfigBeaconViewController.m in Sources */,
				581F1A2018ECF2E9001C47BE /* ViewController.m in Sources */,
				581F1A1A18ECF2E9001C47BE /* AppDelegate.m in Sources */,
				138F4EF819344E79004771EE /* RangeBeaconViewController.m in Sources */,
				581F1A1618ECF2E9001C47BE /* main.m in Sources */,
				58B950E71989D67F006C6FCA /* AdjustViewController.m in Sources */,
				583F59161A53F5E200253AAF /* NotifyViewController.m in Sources */,
			);
			runOnlyForDeploymentPostprocessing = 0;
		};
		581F1A2318ECF2E9001C47BE /* Sources */ = {
			isa = PBXSourcesBuildPhase;
			buildActionMask = 2147483647;
			files = (
				581F1A3518ECF2E9001C47BE /* BRTExampleTests.m in Sources */,
			);
			runOnlyForDeploymentPostprocessing = 0;
		};
/* End PBXSourcesBuildPhase section */

/* Begin PBXTargetDependency section */
		581F1A2D18ECF2E9001C47BE /* PBXTargetDependency */ = {
			isa = PBXTargetDependency;
			target = 581F1A0518ECF2E9001C47BE /* BRTExample */;
			targetProxy = 581F1A2C18ECF2E9001C47BE /* PBXContainerItemProxy */;
		};
		58EB762F1A53D6E500F1FE62 /* PBXTargetDependency */ = {
			isa = PBXTargetDependency;
			name = BrightSDK;
			targetProxy = 58EB762E1A53D6E500F1FE62 /* PBXContainerItemProxy */;
		};
/* End PBXTargetDependency section */

/* Begin PBXVariantGroup section */
		581F1A1218ECF2E9001C47BE /* InfoPlist.strings */ = {
			isa = PBXVariantGroup;
			children = (
				581F1A1318ECF2E9001C47BE /* en */,
			);
			name = InfoPlist.strings;
			sourceTree = "<group>";
		};
		581F1A1B18ECF2E9001C47BE /* Main.storyboard */ = {
			isa = PBXVariantGroup;
			children = (
				581F1A1C18ECF2E9001C47BE /* Base */,
			);
			name = Main.storyboard;
			sourceTree = "<group>";
		};
		581F1A3118ECF2E9001C47BE /* InfoPlist.strings */ = {
			isa = PBXVariantGroup;
			children = (
				581F1A3218ECF2E9001C47BE /* en */,
			);
			name = InfoPlist.strings;
			sourceTree = "<group>";
		};
/* End PBXVariantGroup section */

/* Begin XCBuildConfiguration section */
		581F1A3618ECF2E9001C47BE /* Debug */ = {
			isa = XCBuildConfiguration;
			buildSettings = {
				ALWAYS_SEARCH_USER_PATHS = NO;
				CLANG_CXX_LANGUAGE_STANDARD = "gnu++0x";
				CLANG_CXX_LIBRARY = "libc++";
				CLANG_ENABLE_MODULES = YES;
				CLANG_ENABLE_OBJC_ARC = YES;
				CLANG_WARN_BOOL_CONVERSION = YES;
				CLANG_WARN_CONSTANT_CONVERSION = YES;
				CLANG_WARN_DIRECT_OBJC_ISA_USAGE = YES_ERROR;
				CLANG_WARN_EMPTY_BODY = YES;
				CLANG_WARN_ENUM_CONVERSION = YES;
				CLANG_WARN_INT_CONVERSION = YES;
				CLANG_WARN_OBJC_ROOT_CLASS = YES_ERROR;
				CLANG_WARN__DUPLICATE_METHOD_MATCH = YES;
				"CODE_SIGN_IDENTITY[sdk=iphoneos*]" = "iPhone Developer";
				COPY_PHASE_STRIP = NO;
				GCC_C_LANGUAGE_STANDARD = gnu99;
				GCC_DYNAMIC_NO_PIC = NO;
				GCC_OPTIMIZATION_LEVEL = 0;
				GCC_PREPROCESSOR_DEFINITIONS = (
					"DEBUG=1",
					"$(inherited)",
				);
				GCC_SYMBOLS_PRIVATE_EXTERN = NO;
				GCC_WARN_64_TO_32_BIT_CONVERSION = YES;
				GCC_WARN_ABOUT_RETURN_TYPE = YES_ERROR;
				GCC_WARN_UNDECLARED_SELECTOR = YES;
				GCC_WARN_UNINITIALIZED_AUTOS = YES_AGGRESSIVE;
				GCC_WARN_UNUSED_FUNCTION = YES;
				GCC_WARN_UNUSED_VARIABLE = YES;
				IPHONEOS_DEPLOYMENT_TARGET = 6.0;
				ONLY_ACTIVE_ARCH = YES;
				SDKROOT = iphoneos;
			};
			name = Debug;
		};
		581F1A3718ECF2E9001C47BE /* Release */ = {
			isa = XCBuildConfiguration;
			buildSettings = {
				ALWAYS_SEARCH_USER_PATHS = NO;
				CLANG_CXX_LANGUAGE_STANDARD = "gnu++0x";
				CLANG_CXX_LIBRARY = "libc++";
				CLANG_ENABLE_MODULES = YES;
				CLANG_ENABLE_OBJC_ARC = YES;
				CLANG_WARN_BOOL_CONVERSION = YES;
				CLANG_WARN_CONSTANT_CONVERSION = YES;
				CLANG_WARN_DIRECT_OBJC_ISA_USAGE = YES_ERROR;
				CLANG_WARN_EMPTY_BODY = YES;
				CLANG_WARN_ENUM_CONVERSION = YES;
				CLANG_WARN_INT_CONVERSION = YES;
				CLANG_WARN_OBJC_ROOT_CLASS = YES_ERROR;
				CLANG_WARN__DUPLICATE_METHOD_MATCH = YES;
				"CODE_SIGN_IDENTITY[sdk=iphoneos*]" = "iPhone Developer";
				COPY_PHASE_STRIP = YES;
				ENABLE_NS_ASSERTIONS = NO;
				GCC_C_LANGUAGE_STANDARD = gnu99;
				GCC_WARN_64_TO_32_BIT_CONVERSION = YES;
				GCC_WARN_ABOUT_RETURN_TYPE = YES_ERROR;
				GCC_WARN_UNDECLARED_SELECTOR = YES;
				GCC_WARN_UNINITIALIZED_AUTOS = YES_AGGRESSIVE;
				GCC_WARN_UNUSED_FUNCTION = YES;
				GCC_WARN_UNUSED_VARIABLE = YES;
				IPHONEOS_DEPLOYMENT_TARGET = 6.0;
				SDKROOT = iphoneos;
				VALIDATE_PRODUCT = YES;
			};
			name = Release;
		};
		581F1A3918ECF2E9001C47BE /* Debug */ = {
			isa = XCBuildConfiguration;
			buildSettings = {
				ASSETCATALOG_COMPILER_APPICON_NAME = AppIcon;
				ASSETCATALOG_COMPILER_LAUNCHIMAGE_NAME = LaunchImage;
				CODE_SIGN_IDENTITY = "iPhone Developer";
				"CODE_SIGN_IDENTITY[sdk=iphoneos*]" = "";
				GCC_PRECOMPILE_PREFIX_HEADER = YES;
				GCC_PREFIX_HEADER = "BRTExample/BRTExample-Prefix.pch";
				INFOPLIST_FILE = "BRTExample/BRTExample-Info.plist";
				IPHONEOS_DEPLOYMENT_TARGET = 6.0;
				LIBRARY_SEARCH_PATHS = (
					"$(inherited)",
					"$(PROJECT_DIR)",
					"$(PROJECT_DIR)/SDK",
				);
				PRODUCT_NAME = "$(TARGET_NAME)";
				PROVISIONING_PROFILE = "91A70DFA-B66B-4460-97FE-8BE0DFCF332D";
				WRAPPER_EXTENSION = app;
			};
			name = Debug;
		};
		581F1A3A18ECF2E9001C47BE /* Release */ = {
			isa = XCBuildConfiguration;
			buildSettings = {
				ASSETCATALOG_COMPILER_APPICON_NAME = AppIcon;
				ASSETCATALOG_COMPILER_LAUNCHIMAGE_NAME = LaunchImage;
				CODE_SIGN_IDENTITY = "iPhone Developer";
				"CODE_SIGN_IDENTITY[sdk=iphoneos*]" = "";
				GCC_PRECOMPILE_PREFIX_HEADER = YES;
				GCC_PREFIX_HEADER = "BRTExample/BRTExample-Prefix.pch";
				INFOPLIST_FILE = "BRTExample/BRTExample-Info.plist";
				IPHONEOS_DEPLOYMENT_TARGET = 6.0;
				LIBRARY_SEARCH_PATHS = (
					"$(inherited)",
					"$(PROJECT_DIR)",
					"$(PROJECT_DIR)/SDK",
				);
				PRODUCT_NAME = "$(TARGET_NAME)";
				PROVISIONING_PROFILE = "91A70DFA-B66B-4460-97FE-8BE0DFCF332D";
				WRAPPER_EXTENSION = app;
			};
			name = Release;
		};
		581F1A3C18ECF2E9001C47BE /* Debug */ = {
			isa = XCBuildConfiguration;
			buildSettings = {
				BUNDLE_LOADER = "$(BUILT_PRODUCTS_DIR)/BRTExample.app/BRTExample";
				FRAMEWORK_SEARCH_PATHS = (
					"$(SDKROOT)/Developer/Library/Frameworks",
					"$(inherited)",
					"$(DEVELOPER_FRAMEWORKS_DIR)",
				);
				GCC_PRECOMPILE_PREFIX_HEADER = YES;
				GCC_PREFIX_HEADER = "BRTExample/BRTExample-Prefix.pch";
				GCC_PREPROCESSOR_DEFINITIONS = (
					"DEBUG=1",
					"$(inherited)",
				);
				INFOPLIST_FILE = "BRTExampleTests/BRTExampleTests-Info.plist";
				PRODUCT_NAME = "$(TARGET_NAME)";
				TEST_HOST = "$(BUNDLE_LOADER)";
				WRAPPER_EXTENSION = xctest;
			};
			name = Debug;
		};
		581F1A3D18ECF2E9001C47BE /* Release */ = {
			isa = XCBuildConfiguration;
			buildSettings = {
				BUNDLE_LOADER = "$(BUILT_PRODUCTS_DIR)/BRTExample.app/BRTExample";
				FRAMEWORK_SEARCH_PATHS = (
					"$(SDKROOT)/Developer/Library/Frameworks",
					"$(inherited)",
					"$(DEVELOPER_FRAMEWORKS_DIR)",
				);
				GCC_PRECOMPILE_PREFIX_HEADER = YES;
				GCC_PREFIX_HEADER = "BRTExample/BRTExample-Prefix.pch";
				INFOPLIST_FILE = "BRTExampleTests/BRTExampleTests-Info.plist";
				PRODUCT_NAME = "$(TARGET_NAME)";
				TEST_HOST = "$(BUNDLE_LOADER)";
				WRAPPER_EXTENSION = xctest;
			};
			name = Release;
		};
/* End XCBuildConfiguration section */

/* Begin XCConfigurationList section */
		581F1A0118ECF2E9001C47BE /* Build configuration list for PBXProject "BRTExample" */ = {
			isa = XCConfigurationList;
			buildConfigurations = (
				581F1A3618ECF2E9001C47BE /* Debug */,
				581F1A3718ECF2E9001C47BE /* Release */,
			);
			defaultConfigurationIsVisible = 0;
			defaultConfigurationName = Release;
		};
		581F1A3818ECF2E9001C47BE /* Build configuration list for PBXNativeTarget "BRTExample" */ = {
			isa = XCConfigurationList;
			buildConfigurations = (
				581F1A3918ECF2E9001C47BE /* Debug */,
				581F1A3A18ECF2E9001C47BE /* Release */,
			);
			defaultConfigurationIsVisible = 0;
			defaultConfigurationName = Release;
		};
		581F1A3B18ECF2E9001C47BE /* Build configuration list for PBXNativeTarget "BRTExampleTests" */ = {
			isa = XCConfigurationList;
			buildConfigurations = (
				581F1A3C18ECF2E9001C47BE /* Debug */,
				581F1A3D18ECF2E9001C47BE /* Release */,
			);
			defaultConfigurationIsVisible = 0;
			defaultConfigurationName = Release;
		};
/* End XCConfigurationList section */
	};
	rootObject = 581F19FE18ECF2E9001C47BE /* Project object */;
}
